{
  "name": "@flwst/firebase",
  "version": "0.1.0",
  "lockfileVersion": 3,
  "requires": true,
  "packages": {
    "": {
      "name": "@flwst/firebase",
      "version": "0.1.0",
      "devDependencies": {
        "tsc": "^2.0.4"
      }
    },
    "../../node_modules/.pnpm/tsc@2.0.4/node_modules/tsc": {
      "version": "2.0.4",
      "dev": true,
      "license": "MIT",
      "bin": {
        "tsc": "bin/tsc"
      }
    },
    "node_modules/tsc": {
      "resolved": "../../node_modules/.pnpm/tsc@2.0.4/node_modules/tsc",
      "link": true
    }
  }
}
